// !$*UTF8*$!
{
	archiveVersion = 1;
	classes = {
	};
	objectVersion = 50;
	objects = {

/* Begin PBXBuildFile section */
		896C5035243EF83C009FF0B7 /* AppDelegate.m in Sources */ = {isa = PBXBuildFile; fileRef = 896C5034243EF83C009FF0B7 /* AppDelegate.m */; };
		896C5040243EF870009FF0B7 /* Assets.xcassets in Resources */ = {isa = PBXBuildFile; fileRef = 896C503F243EF870009FF0B7 /* Assets.xcassets */; };
		896C5043243EF870009FF0B7 /* LaunchScreen.storyboard in Resources */ = {isa = PBXBuildFile; fileRef = 896C5041243EF870009FF0B7 /* LaunchScreen.storyboard */; };
		896C5046243EF870009FF0B7 /* main.m in Sources */ = {isa = PBXBuildFile; fileRef = 896C5045243EF870009FF0B7 /* main.m */; };
		896C504F243EFA2F009FF0B7 /* ViewController.m in Sources */ = {isa = PBXBuildFile; fileRef = 896C504D243EFA2F009FF0B7 /* ViewController.m */; };
		89E4E700244270A300102277 /* Main.storyboard in Resources */ = {isa = PBXBuildFile; fileRef = 89E4E6FF244270A300102277 /* Main.storyboard */; };
		89E4E70C244339FC00102277 /* customButton.m in Sources */ = {isa = PBXBuildFile; fileRef = 89E4E70A244339FC00102277 /* customButton.m */; };
/* End PBXBuildFile section */

/* Begin PBXFileReference section */
		896C5030243EF83C009FF0B7 /* secondVladCalculator(super).app */ = {isa = PBXFileReference; explicitFileType = wrapper.application; includeInIndex = 0; path = "secondVladCalculator(super).app"; sourceTree = BUILT_PRODUCTS_DIR; };
		896C5033243EF83C009FF0B7 /* AppDelegate.h */ = {isa = PBXFileReference; lastKnownFileType = sourcecode.c.h; path = AppDelegate.h; sourceTree = "<group>"; };
		896C5034243EF83C009FF0B7 /* AppDelegate.m */ = {isa = PBXFileReference; lastKnownFileType = sourcecode.c.objc; path = AppDelegate.m; sourceTree = "<group>"; };
		896C503F243EF870009FF0B7 /* Assets.xcassets */ = {isa = PBXFileReference; lastKnownFileType = folder.assetcatalog; path = Assets.xcassets; sourceTree = "<group>"; };
		896C5042243EF870009FF0B7 /* Base */ = {isa = PBXFileReference; lastKnownFileType = file.storyboard; name = Base; path = Base.lproj/LaunchScreen.storyboard; sourceTree = "<group>"; };
		896C5044243EF870009FF0B7 /* Info.plist */ = {isa = PBXFileReference; lastKnownFileType = text.plist.xml; path = Info.plist; sourceTree = "<group>"; };
		896C5045243EF870009FF0B7 /* main.m */ = {isa = PBXFileReference; lastKnownFileType = sourcecode.c.objc; path = main.m; sourceTree = "<group>"; };
		896C504C243EFA2F009FF0B7 /* ViewController.h */ = {isa = PBXFileReference; fileEncoding = 4; lastKnownFileType = sourcecode.c.h; path = ViewController.h; sourceTree = "<group>"; };
		896C504D243EFA2F009FF0B7 /* ViewController.m */ = {isa = PBXFileReference; fileEncoding = 4; lastKnownFileType = sourcecode.c.objc; path = ViewController.m; sourceTree = "<group>"; };
		89E4E6FF244270A300102277 /* Main.storyboard */ = {isa = PBXFileReference; fileEncoding = 4; lastKnownFileType = file.storyboard; path = Main.storyboard; sourceTree = "<group>"; };
		89E4E70A244339FC00102277 /* customButton.m */ = {isa = PBXFileReference; fileEncoding = 4; lastKnownFileType = sourcecode.c.objc; path = customButton.m; sourceTree = "<group>"; };
		89E4E70B244339FC00102277 /* customButton.h */ = {isa = PBXFileReference; fileEncoding = 4; lastKnownFileType = sourcecode.c.h; path = customButton.h; sourceTree = "<group>"; };
/* End PBXFileReference section */

/* Begin PBXFrameworksBuildPhase section */
		896C502D243EF83B009FF0B7 /* Frameworks */ = {
			isa = PBXFrameworksBuildPhase;
			buildActionMask = 2147483647;
			files = (
			);
			runOnlyForDeploymentPostprocessing = 0;
		};
/* End PBXFrameworksBuildPhase section */

/* Begin PBXGroup section */
		896C5027243EF83B009FF0B7 = {
			isa = PBXGroup;
			children = (
				896C5032243EF83C009FF0B7 /* secondVladCalculator(super) */,
				896C5031243EF83C009FF0B7 /* Products */,
			);
			sourceTree = "<group>";
		};
		896C5031243EF83C009FF0B7 /* Products */ = {
			isa = PBXGroup;
			children = (
				896C5030243EF83C009FF0B7 /* secondVladCalculator(super).app */,
			);
			name = Products;
			sourceTree = "<group>";
		};
		896C5032243EF83C009FF0B7 /* secondVladCalculator(super) */ = {
			isa = PBXGroup;
			children = (
				896C5033243EF83C009FF0B7 /* AppDelegate.h */,
				896C5034243EF83C009FF0B7 /* AppDelegate.m */,
				896C504C243EFA2F009FF0B7 /* ViewController.h */,
				896C504D243EFA2F009FF0B7 /* ViewController.m */,
				89E4E6FF244270A300102277 /* Main.storyboard */,
				896C503F243EF870009FF0B7 /* Assets.xcassets */,
				896C5041243EF870009FF0B7 /* LaunchScreen.storyboard */,
				896C5044243EF870009FF0B7 /* Info.plist */,
				896C5045243EF870009FF0B7 /* main.m */,
				89E4E70B244339FC00102277 /* customButton.h */,
				89E4E70A244339FC00102277 /* customButton.m */,
			);
			path = "secondVladCalculator(super)";
			sourceTree = "<group>";
		};
/* End PBXGroup section */

/* Begin PBXNativeTarget section */
		896C502F243EF83B009FF0B7 /* secondVladCalculator(super) */ = {
			isa = PBXNativeTarget;
			buildConfigurationList = 896C5049243EF870009FF0B7 /* Build configuration list for PBXNativeTarget "secondVladCalculator(super)" */;
			buildPhases = (
				896C502C243EF83B009FF0B7 /* Sources */,
				896C502D243EF83B009FF0B7 /* Frameworks */,
				896C502E243EF83B009FF0B7 /* Resources */,
			);
			buildRules = (
			);
			dependencies = (
			);
			name = "secondVladCalculator(super)";
			productName = "secondVladCalculator(super)";
			productReference = 896C5030243EF83C009FF0B7 /* secondVladCalculator(super).app */;
			productType = "com.apple.product-type.application";
		};
/* End PBXNativeTarget section */

/* Begin PBXProject section */
		896C5028243EF83B009FF0B7 /* Project object */ = {
			isa = PBXProject;
			attributes = {
				LastUpgradeCheck = 1130;
				ORGANIZATIONNAME = hyperactive;
				TargetAttributes = {
					896C502F243EF83B009FF0B7 = {
						CreatedOnToolsVersion = 11.3.1;
					};
				};
			};
			buildConfigurationList = 896C502B243EF83B009FF0B7 /* Build configuration list for PBXProject "secondVladCalculator(super)" */;
			compatibilityVersion = "Xcode 9.3";
			developmentRegion = en;
			hasScannedForEncodings = 0;
			knownRegions = (
				en,
				Base,
			);
			mainGroup = 896C5027243EF83B009FF0B7;
			productRefGroup = 896C5031243EF83C009FF0B7 /* Products */;
			projectDirPath = "";
			projectRoot = "";
			targets = (
				896C502F243EF83B009FF0B7 /* secondVladCalculator(super) */,
			);
		};
/* End PBXProject section */

/* Begin PBXResourcesBuildPhase section */
		896C502E243EF83B009FF0B7 /* Resources */ = {
			isa = PBXResourcesBuildPhase;
			buildActionMask = 2147483647;
			files = (
				89E4E700244270A300102277 /* Main.storyboard in Resources */,
				896C5043243EF870009FF0B7 /* LaunchScreen.storyboard in Resources */,
				896C5040243EF870009FF0B7 /* Assets.xcassets in Resources */,
			);
			runOnlyForDeploymentPostprocessing = 0;
		};
/* End PBXResourcesBuildPhase section */

/* Begin PBXSourcesBuildPhase section */
		896C502C243EF83B009FF0B7 /* Sources */ = {
			isa = PBXSourcesBuildPhase;
			buildActionMask = 2147483647;
			files = (
				89E4E70C244339FC00102277 /* customButton.m in Sources */,
				896C504F243EFA2F009FF0B7 /* ViewController.m in Sources */,
				896C5035243EF83C009FF0B7 /* AppDelegate.m in Sources */,
				896C5046243EF870009FF0B7 /* main.m in Sources */,
			);
			runOnlyForDeploymentPostprocessing = 0;
		};
/* End PBXSourcesBuildPhase section */

/* Begin PBXVariantGroup section */
		896C5041243EF870009FF0B7 /* LaunchScreen.storyboard */ = {
			isa = PBXVariantGroup;
			children = (
				896C5042243EF870009FF0B7 /* Base */,
			);
			name = LaunchScreen.storyboard;
			sourceTree = "<group>";
		};
/* End PBXVariantGroup section */

/* Begin XCBuildConfiguration section */
		896C5047243EF870009FF0B7 /* Debug */ = {
			isa = XCBuildConfiguration;
			buildSettings = {
				ALWAYS_SEARCH_USER_PATHS = NO;
				CLANG_ANALYZER_NONNULL = YES;
				CLANG_ANALYZER_NUMBER_OBJECT_CONVERSION = YES_AGGRESSIVE;
				CLANG_CXX_LANGUAGE_STANDARD = "gnu++14";
				CLANG_CXX_LIBRARY = "libc++";
				CLANG_ENABLE_MODULES = YES;
				CLANG_ENABLE_OBJC_ARC = YES;
				CLANG_ENABLE_OBJC_WEAK = YES;
				CLANG_WARN_BLOCK_CAPTURE_AUTORELEASING = YES;
				CLANG_WARN_BOOL_CONVERSION = YES;
				CLANG_WARN_COMMA = YES;
				CLANG_WARN_CONSTANT_CONVERSION = YES;
				CLANG_WARN_DEPRECATED_OBJC_IMPLEMENTATIONS = YES;
				CLANG_WARN_DIRECT_OBJC_ISA_USAGE = YES_ERROR;
				CLANG_WARN_DOCUMENTATION_COMMENTS = YES;
				CLANG_WARN_EMPTY_BODY = YES;
				CLANG_WARN_ENUM_CONVERSION = YES;
				CLANG_WARN_INFINITE_RECURSION = YES;
				CLANG_WARN_INT_CONVERSION = YES;
				CLANG_WARN_NON_LITERAL_NULL_CONVERSION = YES;
				CLANG_WARN_OBJC_IMPLICIT_RETAIN_SELF = YES;
				CLANG_WARN_OBJC_LITERAL_CONVERSION = YES;
				CLANG_WARN_OBJC_ROOT_CLASS = YES_ERROR;
				CLANG_WARN_RANGE_LOOP_ANALYSIS = YES;
				CLANG_WARN_STRICT_PROTOTYPES = YES;
				CLANG_WARN_SUSPICIOUS_MOVE = YES;
				CLANG_WARN_UNGUARDED_AVAILABILITY = YES_AGGRESSIVE;
				CLANG_WARN_UNREACHABLE_CODE = YES;
				CLANG_WARN__DUPLICATE_METHOD_MATCH = YES;
				COPY_PHASE_STRIP = NO;
				DEBUG_INFORMATION_FORMAT = dwarf;
				ENABLE_STRICT_OBJC_MSGSEND = YES;
				ENABLE_TESTABILITY = YES;
				GCC_C_LANGUAGE_STANDARD = gnu11;
				GCC_DYNAMIC_NO_PIC = NO;
				GCC_NO_COMMON_BLOCKS = YES;
				GCC_OPTIMIZATION_LEVEL = 0;
				GCC_PREPROCESSOR_DEFINITIONS = (
					"DEBUG=1",
					"$(inherited)",
				);
				GCC_WARN_64_TO_32_BIT_CONVERSION = YES;
				GCC_WARN_ABOUT_RETURN_TYPE = YES_ERROR;
				GCC_WARN_UNDECLARED_SELECTOR = YES;
				GCC_WARN_UNINITIALIZED_AUTOS = YES_AGGRESSIVE;
				GCC_WARN_UNUSED_FUNCTION = YES;
				GCC_WARN_UNUSED_VARIABLE = YES;
				IPHONEOS_DEPLOYMENT_TARGET = 13.2;
				MTL_ENABLE_DEBUG_INFO = INCLUDE_SOURCE;
				MTL_FAST_MATH = YES;
				ONLY_ACTIVE_ARCH = YES;
				SDKROOT = iphoneos;
			};
			name = Debug;
		};
		896C5048243EF870009FF0B7 /* Release */ = {
			isa = XCBuildConfiguration;
			buildSettings = {
				ALWAYS_SEARCH_USER_PATHS = NO;
				CLANG_ANALYZER_NONNULL = YES;
				CLANG_ANALYZER_NUMBER_OBJECT_CONVERSION = YES_AGGRESSIVE;
				CLANG_CXX_LANGUAGE_STANDARD = "gnu++14";
				CLANG_CXX_LIBRARY = "libc++";
				CLANG_ENABLE_MODULES = YES;
				CLANG_ENABLE_OBJC_ARC = YES;
				CLANG_ENABLE_OBJC_WEAK = YES;
				CLANG_WARN_BLOCK_CAPTURE_AUTORELEASING = YES;
				CLANG_WARN_BOOL_CONVERSION = YES;
				CLANG_WARN_COMMA = YES;
				CLANG_WARN_CONSTANT_CONVERSION = YES;
				CLANG_WARN_DEPRECATED_OBJC_IMPLEMENTATIONS = YES;
				CLANG_WARN_DIRECT_OBJC_ISA_USAGE = YES_ERROR;
				CLANG_WARN_DOCUMENTATION_COMMENTS = YES;
				CLANG_WARN_EMPTY_BODY = YES;
				CLANG_WARN_ENUM_CONVERSION = YES;
				CLANG_WARN_INFINITE_RECURSION = YES;
				CLANG_WARN_INT_CONVERSION = YES;
				CLANG_WARN_NON_LITERAL_NULL_CONVERSION = YES;
				CLANG_WARN_OBJC_IMPLICIT_RETAIN_SELF = YES;
				CLANG_WARN_OBJC_LITERAL_CONVERSION = YES;
				CLANG_WARN_OBJC_ROOT_CLASS = YES_ERROR;
				CLANG_WARN_RANGE_LOOP_ANALYSIS = YES;
				CLANG_WARN_STRICT_PROTOTYPES = YES;
				CLANG_WARN_SUSPICIOUS_MOVE = YES;
				CLANG_WARN_UNGUARDED_AVAILABILITY = YES_AGGRESSIVE;
				CLANG_WARN_UNREACHABLE_CODE = YES;
				CLANG_WARN__DUPLICATE_METHOD_MATCH = YES;
				COPY_PHASE_STRIP = NO;
				DEBUG_INFORMATION_FORMAT = "dwarf-with-dsym";
				ENABLE_NS_ASSERTIONS = NO;
				ENABLE_STRICT_OBJC_MSGSEND = YES;
				GCC_C_LANGUAGE_STANDARD = gnu11;
				GCC_NO_COMMON_BLOCKS = YES;
				GCC_WARN_64_TO_32_BIT_CONVERSION = YES;
				GCC_WARN_ABOUT_RETURN_TYPE = YES_ERROR;
				GCC_WARN_UNDECLARED_SELECTOR = YES;
				GCC_WARN_UNINITIALIZED_AUTOS = YES_AGGRESSIVE;
				GCC_WARN_UNUSED_FUNCTION = YES;
				GCC_WARN_UNUSED_VARIABLE = YES;
				IPHONEOS_DEPLOYMENT_TARGET = 13.2;
				MTL_ENABLE_DEBUG_INFO = NO;
				MTL_FAST_MATH = YES;
				SDKROOT = iphoneos;
				VALIDATE_PRODUCT = YES;
			};
			name = Release;
		};
		896C504A243EF870009FF0B7 /* Debug */ = {
			isa = XCBuildConfiguration;
			buildSettings = {
				ASSETCATALOG_COMPILER_APPICON_NAME = AppIcon;
				CODE_SIGN_STYLE = Automatic;
				INFOPLIST_FILE = "secondVladCalculator(super)/Info.plist";
				LD_RUNPATH_SEARCH_PATHS = (
					"$(inherited)",
					"@executable_path/Frameworks",
				);
				PRODUCT_BUNDLE_IDENTIFIER = "fff.secondVladCalculator-super-";
				PRODUCT_NAME = "$(TARGET_NAME)";
				TARGETED_DEVICE_FAMILY = "1,2";
			};
			name = Debug;
		};
		896C504B243EF870009FF0B7 /* Release */ = {
			isa = XCBuildConfiguration;
			buildSettings = {
				ASSETCATALOG_COMPILER_APPICON_NAME = AppIcon;
				CODE_SIGN_STYLE = Automatic;
				INFOPLIST_FILE = "secondVladCalculator(super)/Info.plist";
				LD_RUNPATH_SEARCH_PATHS = (
					"$(inherited)",
					"@executable_path/Frameworks",
				);
				PRODUCT_BUNDLE_IDENTIFIER = "fff.secondVladCalculator-super-";
				PRODUCT_NAME = "$(TARGET_NAME)";
				TARGETED_DEVICE_FAMILY = "1,2";
			};
			name = Release;
		};
/* End XCBuildConfiguration section */

/* Begin XCConfigurationList section */
		896C502B243EF83B009FF0B7 /* Build configuration list for PBXProject "secondVladCalculator(super)" */ = {
			isa = XCConfigurationList;
			buildConfigurations = (
				896C5047243EF870009FF0B7 /* Debug */,
				896C5048243EF870009FF0B7 /* Release */,
			);
			defaultConfigurationIsVisible = 0;
			defaultConfigurationName = Release;
		};
		896C5049243EF870009FF0B7 /* Build configuration list for PBXNativeTarget "secondVladCalculator(super)" */ = {
			isa = XCConfigurationList;
			buildConfigurations = (
				896C504A243EF870009FF0B7 /* Debug */,
				896C504B243EF870009FF0B7 /* Release */,
			);
			defaultConfigurationIsVisible = 0;
			defaultConfigurationName = Release;
		};
/* End XCConfigurationList section */
	};
	rootObject = 896C5028243EF83B009FF0B7 /* Project object */;
}
